{
  "requires": true,
  "lockfileVersion": 1,
  "dependencies": {
    "react-native-spacing-system": {
      "version": "2.0.0-rc.0",
      "resolved": "https://registry.npmjs.org/react-native-spacing-system/-/react-native-spacing-system-2.0.0-rc.0.tgz",
      "integrity": "sha512-mZpFnO0iFzw4rdwE5DGieGDJ0/FWPzKIgVGADoy+JaO7ERAEri9T7X+cpw8mYTX5zrVplTINx411sOKrlere+w=="
    }
  }
}
